// !$*UTF8*$!
{
	archiveVersion = 1;
	classes = {
	};
	objectVersion = 46;
	objects = {

/* Begin PBXBuildFile section */
		681642621CF862A9001140E9 /* AppDelegate.swift in Sources */ = {isa = PBXBuildFile; fileRef = 681642611CF862A9001140E9 /* AppDelegate.swift */; };
		681642641CF862A9001140E9 /* ViewController.swift in Sources */ = {isa = PBXBuildFile; fileRef = 681642631CF862A9001140E9 /* ViewController.swift */; };
		681642671CF862A9001140E9 /* Main.storyboard in Resources */ = {isa = PBXBuildFile; fileRef = 681642651CF862A9001140E9 /* Main.storyboard */; };
		681642691CF862A9001140E9 /* Assets.xcassets in Resources */ = {isa = PBXBuildFile; fileRef = 681642681CF862A9001140E9 /* Assets.xcassets */; };
		6816426C1CF862A9001140E9 /* LaunchScreen.storyboard in Resources */ = {isa = PBXBuildFile; fileRef = 6816426A1CF862A9001140E9 /* LaunchScreen.storyboard */; };
		8C20DEB01F87EA4200E80521 /* Default-568h@2x.png in Resources */ = {isa = PBXBuildFile; fileRef = 8C20DEAF1F87EA4200E80521 /* Default-568h@2x.png */; };
		8C20DEB11F87EB8D00E80521 /* Info.plist in Resources */ = {isa = PBXBuildFile; fileRef = 6816426D1CF862A9001140E9 /* Info.plist */; };
/* End PBXBuildFile section */

/* Begin PBXFileReference section */
		6816425E1CF862A9001140E9 /* AppBrowserTool.app */ = {isa = PBXFileReference; explicitFileType = wrapper.application; includeInIndex = 0; path = AppBrowserTool.app; sourceTree = BUILT_PRODUCTS_DIR; };
		681642611CF862A9001140E9 /* AppDelegate.swift */ = {isa = PBXFileReference; lastKnownFileType = sourcecode.swift; path = AppDelegate.swift; sourceTree = "<group>"; };
		681642631CF862A9001140E9 /* ViewController.swift */ = {isa = PBXFileReference; lastKnownFileType = sourcecode.swift; path = ViewController.swift; sourceTree = "<group>"; };
		681642661CF862A9001140E9 /* Base */ = {isa = PBXFileReference; lastKnownFileType = file.storyboard; name = Base; path = Base.lproj/Main.storyboard; sourceTree = "<group>"; };
		681642681CF862A9001140E9 /* Assets.xcassets */ = {isa = PBXFileReference; lastKnownFileType = folder.assetcatalog; path = Assets.xcassets; sourceTree = "<group>"; };
		6816426B1CF862A9001140E9 /* Base */ = {isa = PBXFileReference; lastKnownFileType = file.storyboard; name = Base; path = Base.lproj/LaunchScreen.storyboard; sourceTree = "<group>"; };
		6816426D1CF862A9001140E9 /* Info.plist */ = {isa = PBXFileReference; lastKnownFileType = text.plist.xml; name = Info.plist; path = AppBrowserTool/Info.plist; sourceTree = SOURCE_ROOT; };
		8C20DEAF1F87EA4200E80521 /* Default-568h@2x.png */ = {isa = PBXFileReference; lastKnownFileType = image.png; path = "Default-568h@2x.png"; sourceTree = "<group>"; };
/* End PBXFileReference section */

/* Begin PBXFrameworksBuildPhase section */
		6816425B1CF862A9001140E9 /* Frameworks */ = {
			isa = PBXFrameworksBuildPhase;
			buildActionMask = 2147483647;
			files = (
			);
			runOnlyForDeploymentPostprocessing = 0;
		};
/* End PBXFrameworksBuildPhase section */

/* Begin PBXGroup section */
		681642551CF862A9001140E9 = {
			isa = PBXGroup;
			children = (
				8C20DEAF1F87EA4200E80521 /* Default-568h@2x.png */,
				681642601CF862A9001140E9 /* AppBrowserTool */,
				6816425F1CF862A9001140E9 /* Products */,
			);
			sourceTree = "<group>";
		};
		6816425F1CF862A9001140E9 /* Products */ = {
			isa = PBXGroup;
			children = (
				6816425E1CF862A9001140E9 /* AppBrowserTool.app */,
			);
			name = Products;
			sourceTree = "<group>";
		};
		681642601CF862A9001140E9 /* AppBrowserTool */ = {
			isa = PBXGroup;
			children = (
				681642611CF862A9001140E9 /* AppDelegate.swift */,
				681642631CF862A9001140E9 /* ViewController.swift */,
				681642651CF862A9001140E9 /* Main.storyboard */,
				681642681CF862A9001140E9 /* Assets.xcassets */,
				6816426A1CF862A9001140E9 /* LaunchScreen.storyboard */,
				6816426D1CF862A9001140E9 /* Info.plist */,
			);
			path = AppBrowserTool;
			sourceTree = "<group>";
		};
/* End PBXGroup section */

/* Begin PBXNativeTarget section */
		6816425D1CF862A9001140E9 /* AppBrowserTool */ = {
			isa = PBXNativeTarget;
			buildConfigurationList = 681642701CF862A9001140E9 /* Build configuration list for PBXNativeTarget "AppBrowserTool" */;
			buildPhases = (
				6816425A1CF862A9001140E9 /* Sources */,
				6816425B1CF862A9001140E9 /* Frameworks */,
				6816425C1CF862A9001140E9 /* Resources */,
			);
			buildRules = (
			);
			dependencies = (
			);
			name = AppBrowserTool;
			productName = WebviewSample;
			productReference = 6816425E1CF862A9001140E9 /* AppBrowserTool.app */;
			productType = "com.apple.product-type.application";
		};
/* End PBXNativeTarget section */

/* Begin PBXProject section */
		681642561CF862A9001140E9 /* Project object */ = {
			isa = PBXProject;
			attributes = {
				LastSwiftUpdateCheck = 0730;
				LastUpgradeCheck = 0830;
				ORGANIZATIONNAME = Hearst;
				TargetAttributes = {
					6816425D1CF862A9001140E9 = {
						CreatedOnToolsVersion = 7.3;
						LastSwiftMigration = 0830;
					};
				};
			};
			buildConfigurationList = 681642591CF862A9001140E9 /* Build configuration list for PBXProject "AppBrowserTool" */;
			compatibilityVersion = "Xcode 3.2";
			developmentRegion = English;
			hasScannedForEncodings = 0;
			knownRegions = (
				en,
				Base,
			);
			mainGroup = 681642551CF862A9001140E9;
			productRefGroup = 6816425F1CF862A9001140E9 /* Products */;
			projectDirPath = "";
			projectRoot = "";
			targets = (
				6816425D1CF862A9001140E9 /* AppBrowserTool */,
			);
		};
/* End PBXProject section */

/* Begin PBXResourcesBuildPhase section */
		6816425C1CF862A9001140E9 /* Resources */ = {
			isa = PBXResourcesBuildPhase;
			buildActionMask = 2147483647;
			files = (
				6816426C1CF862A9001140E9 /* LaunchScreen.storyboard in Resources */,
				8C20DEB01F87EA4200E80521 /* Default-568h@2x.png in Resources */,
				681642691CF862A9001140E9 /* Assets.xcassets in Resources */,
				8C20DEB11F87EB8D00E80521 /* Info.plist in Resources */,
				681642671CF862A9001140E9 /* Main.storyboard in Resources */,
			);
			runOnlyForDeploymentPostprocessing = 0;
		};
/* End PBXResourcesBuildPhase section */

/* Begin PBXSourcesBuildPhase section */
		6816425A1CF862A9001140E9 /* Sources */ = {
			isa = PBXSourcesBuildPhase;
			buildActionMask = 2147483647;
			files = (
				681642641CF862A9001140E9 /* ViewController.swift in Sources */,
				681642621CF862A9001140E9 /* AppDelegate.swift in Sources */,
			);
			runOnlyForDeploymentPostprocessing = 0;
		};
/* End PBXSourcesBuildPhase section */

/* Begin PBXVariantGroup section */
		681642651CF862A9001140E9 /* Main.storyboard */ = {
			isa = PBXVariantGroup;
			children = (
				681642661CF862A9001140E9 /* Base */,
			);
			name = Main.storyboard;
			sourceTree = "<group>";
		};
		6816426A1CF862A9001140E9 /* LaunchScreen.storyboard */ = {
			isa = PBXVariantGroup;
			children = (
				6816426B1CF862A9001140E9 /* Base */,
			);
			name = LaunchScreen.storyboard;
			sourceTree = "<group>";
		};
/* End PBXVariantGroup section */

/* Begin XCBuildConfiguration section */
		6816426E1CF862A9001140E9 /* Debug */ = {
			isa = XCBuildConfiguration;
			buildSettings = {
				ALWAYS_SEARCH_USER_PATHS = NO;
				CLANG_ANALYZER_NONNULL = YES;
				CLANG_CXX_LANGUAGE_STANDARD = "gnu++0x";
				CLANG_CXX_LIBRARY = "libc++";
				CLANG_ENABLE_MODULES = YES;
				CLANG_ENABLE_OBJC_ARC = YES;
				CLANG_WARN_BOOL_CONVERSION = YES;
				CLANG_WARN_CONSTANT_CONVERSION = YES;
				CLANG_WARN_DIRECT_OBJC_ISA_USAGE = YES_ERROR;
				CLANG_WARN_EMPTY_BODY = YES;
				CLANG_WARN_ENUM_CONVERSION = YES;
				CLANG_WARN_INFINITE_RECURSION = YES;
				CLANG_WARN_INT_CONVERSION = YES;
				CLANG_WARN_OBJC_ROOT_CLASS = YES_ERROR;
				CLANG_WARN_SUSPICIOUS_MOVE = YES;
				CLANG_WARN_UNREACHABLE_CODE = YES;
				CLANG_WARN__DUPLICATE_METHOD_MATCH = YES;
				"CODE_SIGN_IDENTITY[sdk=iphoneos*]" = "iPhone Developer";
				COPY_PHASE_STRIP = NO;
				DEBUG_INFORMATION_FORMAT = dwarf;
				ENABLE_STRICT_OBJC_MSGSEND = YES;
				ENABLE_TESTABILITY = YES;
				GCC_C_LANGUAGE_STANDARD = gnu99;
				GCC_DYNAMIC_NO_PIC = NO;
				GCC_NO_COMMON_BLOCKS = YES;
				GCC_OPTIMIZATION_LEVEL = 0;
				GCC_PREPROCESSOR_DEFINITIONS = (
					"DEBUG=1",
					"$(inherited)",
				);
				GCC_WARN_64_TO_32_BIT_CONVERSION = YES;
				GCC_WARN_ABOUT_RETURN_TYPE = YES_ERROR;
				GCC_WARN_UNDECLARED_SELECTOR = YES;
				GCC_WARN_UNINITIALIZED_AUTOS = YES_AGGRESSIVE;
				GCC_WARN_UNUSED_FUNCTION = YES;
				GCC_WARN_UNUSED_VARIABLE = YES;
				IPHONEOS_DEPLOYMENT_TARGET = 9.3;
				MTL_ENABLE_DEBUG_INFO = YES;
				ONLY_ACTIVE_ARCH = YES;
				SDKROOT = iphoneos;
				SWIFT_OPTIMIZATION_LEVEL = "-Onone";
			};
			name = Debug;
		};
		6816426F1CF862A9001140E9 /* Release */ = {
			isa = XCBuildConfiguration;
			buildSettings = {
				ALWAYS_SEARCH_USER_PATHS = NO;
				CLANG_ANALYZER_NONNULL = YES;
				CLANG_CXX_LANGUAGE_STANDARD = "gnu++0x";
				CLANG_CXX_LIBRARY = "libc++";
				CLANG_ENABLE_MODULES = YES;
				CLANG_ENABLE_OBJC_ARC = YES;
				CLANG_WARN_BOOL_CONVERSION = YES;
				CLANG_WARN_CONSTANT_CONVERSION = YES;
				CLANG_WARN_DIRECT_OBJC_ISA_USAGE = YES_ERROR;
				CLANG_WARN_EMPTY_BODY = YES;
				CLANG_WARN_ENUM_CONVERSION = YES;
				CLANG_WARN_INFINITE_RECURSION = YES;
				CLANG_WARN_INT_CONVERSION = YES;
				CLANG_WARN_OBJC_ROOT_CLASS = YES_ERROR;
				CLANG_WARN_SUSPICIOUS_MOVE = YES;
				CLANG_WARN_UNREACHABLE_CODE = YES;
				CLANG_WARN__DUPLICATE_METHOD_MATCH = YES;
				"CODE_SIGN_IDENTITY[sdk=iphoneos*]" = "iPhone Developer";
				COPY_PHASE_STRIP = NO;
				DEBUG_INFORMATION_FORMAT = "dwarf-with-dsym";
				ENABLE_NS_ASSERTIONS = NO;
				ENABLE_STRICT_OBJC_MSGSEND = YES;
				GCC_C_LANGUAGE_STANDARD = gnu99;
				GCC_NO_COMMON_BLOCKS = YES;
				GCC_WARN_64_TO_32_BIT_CONVERSION = YES;
				GCC_WARN_ABOUT_RETURN_TYPE = YES_ERROR;
				GCC_WARN_UNDECLARED_SELECTOR = YES;
				GCC_WARN_UNINITIALIZED_AUTOS = YES_AGGRESSIVE;
				GCC_WARN_UNUSED_FUNCTION = YES;
				GCC_WARN_UNUSED_VARIABLE = YES;
				IPHONEOS_DEPLOYMENT_TARGET = 9.3;
				MTL_ENABLE_DEBUG_INFO = NO;
				SDKROOT = iphoneos;
				SWIFT_OPTIMIZATION_LEVEL = "-Owholemodule";
				VALIDATE_PRODUCT = YES;
			};
			name = Release;
		};
		681642711CF862A9001140E9 /* Debug */ = {
			isa = XCBuildConfiguration;
			buildSettings = {
				ASSETCATALOG_COMPILER_APPICON_NAME = AppIcon;
				INFOPLIST_FILE = "$(SRCROOT)/AppBrowserTool/Info.plist";
				IPHONEOS_DEPLOYMENT_TARGET = 8.3;
				LD_RUNPATH_SEARCH_PATHS = "$(inherited) @executable_path/Frameworks";
				PRODUCT_BUNDLE_IDENTIFIER = com.hearst.gin.AppBrowserTool;
				PRODUCT_NAME = "$(TARGET_NAME)";
				SWIFT_VERSION = 3.0;
			};
			name = Debug;
		};
		681642721CF862A9001140E9 /* Release */ = {
			isa = XCBuildConfiguration;
			buildSettings = {
				ASSETCATALOG_COMPILER_APPICON_NAME = AppIcon;
				INFOPLIST_FILE = "$(SRCROOT)/AppBrowserTool/Info.plist";
				IPHONEOS_DEPLOYMENT_TARGET = 8.3;
				LD_RUNPATH_SEARCH_PATHS = "$(inherited) @executable_path/Frameworks";
				PRODUCT_BUNDLE_IDENTIFIER = com.hearst.gin.AppBrowserTool;
				PRODUCT_NAME = "$(TARGET_NAME)";
				SWIFT_VERSION = 3.0;
			};
			name = Release;
		};
/* End XCBuildConfiguration section */

/* Begin XCConfigurationList section */
		681642591CF862A9001140E9 /* Build configuration list for PBXProject "AppBrowserTool" */ = {
			isa = XCConfigurationList;
			buildConfigurations = (
				6816426E1CF862A9001140E9 /* Debug */,
				6816426F1CF862A9001140E9 /* Release */,
			);
			defaultConfigurationIsVisible = 0;
			defaultConfigurationName = Release;
		};
		681642701CF862A9001140E9 /* Build configuration list for PBXNativeTarget "AppBrowserTool" */ = {
			isa = XCConfigurationList;
			buildConfigurations = (
				681642711CF862A9001140E9 /* Debug */,
				681642721CF862A9001140E9 /* Release */,
			);
			defaultConfigurationIsVisible = 0;
			defaultConfigurationName = Release;
		};
/* End XCConfigurationList section */
	};
	rootObject = 681642561CF862A9001140E9 /* Project object */;
}
